// !$*UTF8*$!
{
	archiveVersion = 1;
	classes = {
	};
	objectVersion = 46;
	objects = {

/* Begin PBXBuildFile section */
		A8D0779C198072EB00F08A4E /* Foundation.framework in Frameworks */ = {isa = PBXBuildFile; fileRef = A8D0779B198072EB00F08A4E /* Foundation.framework */; };
		A8D0779E198072EB00F08A4E /* CoreGraphics.framework in Frameworks */ = {isa = PBXBuildFile; fileRef = A8D0779D198072EB00F08A4E /* CoreGraphics.framework */; };
		A8D077A0198072EB00F08A4E /* UIKit.framework in Frameworks */ = {isa = PBXBuildFile; fileRef = A8D0779F198072EB00F08A4E /* UIKit.framework */; };
		A8D077A6198072EB00F08A4E /* InfoPlist.strings in Resources */ = {isa = PBXBuildFile; fileRef = A8D077A4198072EB00F08A4E /* InfoPlist.strings */; };
		A8D077A8198072EB00F08A4E /* main.m in Sources */ = {isa = PBXBuildFile; fileRef = A8D077A7198072EB00F08A4E /* main.m */; };
		A8D077AC198072EB00F08A4E /* AppDelegate.m in Sources */ = {isa = PBXBuildFile; fileRef = A8D077AB198072EB00F08A4E /* AppDelegate.m */; };
		A8D077AE198072EB00F08A4E /* Images.xcassets in Resources */ = {isa = PBXBuildFile; fileRef = A8D077AD198072EB00F08A4E /* Images.xcassets */; };
		A8D077B5198072EB00F08A4E /* XCTest.framework in Frameworks */ = {isa = PBXBuildFile; fileRef = A8D077B4198072EB00F08A4E /* XCTest.framework */; };
		A8D077B6198072EB00F08A4E /* Foundation.framework in Frameworks */ = {isa = PBXBuildFile; fileRef = A8D0779B198072EB00F08A4E /* Foundation.framework */; };
		A8D077B7198072EB00F08A4E /* UIKit.framework in Frameworks */ = {isa = PBXBuildFile; fileRef = A8D0779F198072EB00F08A4E /* UIKit.framework */; };
		A8D077BF198072EB00F08A4E /* InfoPlist.strings in Resources */ = {isa = PBXBuildFile; fileRef = A8D077BD198072EB00F08A4E /* InfoPlist.strings */; };
		A8D077C1198072EB00F08A4E /* BeaconDemoTests.m in Sources */ = {isa = PBXBuildFile; fileRef = A8D077C0198072EB00F08A4E /* BeaconDemoTests.m */; };
/* End PBXBuildFile section */

/* Begin PBXContainerItemProxy section */
		A8D077B8198072EB00F08A4E /* PBXContainerItemProxy */ = {
			isa = PBXContainerItemProxy;
			containerPortal = A8D07790198072EB00F08A4E /* Project object */;
			proxyType = 1;
			remoteGlobalIDString = A8D07797198072EB00F08A4E;
			remoteInfo = BeaconDemo;
		};
/* End PBXContainerItemProxy section */

/* Begin PBXFileReference section */
		A8D07798198072EB00F08A4E /* BeaconDemo.app */ = {isa = PBXFileReference; explicitFileType = wrapper.application; includeInIndex = 0; path = BeaconDemo.app; sourceTree = BUILT_PRODUCTS_DIR; };
		A8D0779B198072EB00F08A4E /* Foundation.framework */ = {isa = PBXFileReference; lastKnownFileType = wrapper.framework; name = Foundation.framework; path = System/Library/Frameworks/Foundation.framework; sourceTree = SDKROOT; };
		A8D0779D198072EB00F08A4E /* CoreGraphics.framework */ = {isa = PBXFileReference; lastKnownFileType = wrapper.framework; name = CoreGraphics.framework; path = System/Library/Frameworks/CoreGraphics.framework; sourceTree = SDKROOT; };
		A8D0779F198072EB00F08A4E /* UIKit.framework */ = {isa = PBXFileReference; lastKnownFileType = wrapper.framework; name = UIKit.framework; path = System/Library/Frameworks/UIKit.framework; sourceTree = SDKROOT; };
		A8D077A3198072EB00F08A4E /* BeaconDemo-Info.plist */ = {isa = PBXFileReference; lastKnownFileType = text.plist.xml; path = "BeaconDemo-Info.plist"; sourceTree = "<group>"; };
		A8D077A5198072EB00F08A4E /* en */ = {isa = PBXFileReference; lastKnownFileType = text.plist.strings; name = en; path = en.lproj/InfoPlist.strings; sourceTree = "<group>"; };
		A8D077A7198072EB00F08A4E /* main.m */ = {isa = PBXFileReference; lastKnownFileType = sourcecode.c.objc; path = main.m; sourceTree = "<group>"; };
		A8D077A9198072EB00F08A4E /* BeaconDemo-Prefix.pch */ = {isa = PBXFileReference; lastKnownFileType = sourcecode.c.h; path = "BeaconDemo-Prefix.pch"; sourceTree = "<group>"; };
		A8D077AA198072EB00F08A4E /* AppDelegate.h */ = {isa = PBXFileReference; lastKnownFileType = sourcecode.c.h; path = AppDelegate.h; sourceTree = "<group>"; };
		A8D077AB198072EB00F08A4E /* AppDelegate.m */ = {isa = PBXFileReference; lastKnownFileType = sourcecode.c.objc; path = AppDelegate.m; sourceTree = "<group>"; };
		A8D077AD198072EB00F08A4E /* Images.xcassets */ = {isa = PBXFileReference; lastKnownFileType = folder.assetcatalog; path = Images.xcassets; sourceTree = "<group>"; };
		A8D077B3198072EB00F08A4E /* BeaconDemoTests.xctest */ = {isa = PBXFileReference; explicitFileType = wrapper.cfbundle; includeInIndex = 0; path = BeaconDemoTests.xctest; sourceTree = BUILT_PRODUCTS_DIR; };
		A8D077B4198072EB00F08A4E /* XCTest.framework */ = {isa = PBXFileReference; lastKnownFileType = wrapper.framework; name = XCTest.framework; path = Library/Frameworks/XCTest.framework; sourceTree = DEVELOPER_DIR; };
		A8D077BC198072EB00F08A4E /* BeaconDemoTests-Info.plist */ = {isa = PBXFileReference; lastKnownFileType = text.plist.xml; path = "BeaconDemoTests-Info.plist"; sourceTree = "<group>"; };
		A8D077BE198072EB00F08A4E /* en */ = {isa = PBXFileReference; lastKnownFileType = text.plist.strings; name = en; path = en.lproj/InfoPlist.strings; sourceTree = "<group>"; };
		A8D077C0198072EB00F08A4E /* BeaconDemoTests.m */ = {isa = PBXFileReference; lastKnownFileType = sourcecode.c.objc; path = BeaconDemoTests.m; sourceTree = "<group>"; };
/* End PBXFileReference section */

/* Begin PBXFrameworksBuildPhase section */
		A8D07795198072EB00F08A4E /* Frameworks */ = {
			isa = PBXFrameworksBuildPhase;
			buildActionMask = 2147483647;
			files = (
				A8D0779E198072EB00F08A4E /* CoreGraphics.framework in Frameworks */,
				A8D077A0198072EB00F08A4E /* UIKit.framework in Frameworks */,
				A8D0779C198072EB00F08A4E /* Foundation.framework in Frameworks */,
			);
			runOnlyForDeploymentPostprocessing = 0;
		};
		A8D077B0198072EB00F08A4E /* Frameworks */ = {
			isa = PBXFrameworksBuildPhase;
			buildActionMask = 2147483647;
			files = (
				A8D077B5198072EB00F08A4E /* XCTest.framework in Frameworks */,
				A8D077B7198072EB00F08A4E /* UIKit.framework in Frameworks */,
				A8D077B6198072EB00F08A4E /* Foundation.framework in Frameworks */,
			);
			runOnlyForDeploymentPostprocessing = 0;
		};
/* End PBXFrameworksBuildPhase section */

/* Begin PBXGroup section */
		A8D0778F198072EB00F08A4E = {
			isa = PBXGroup;
			children = (
				A8D077A1198072EB00F08A4E /* BeaconDemo */,
				A8D077BA198072EB00F08A4E /* BeaconDemoTests */,
				A8D0779A198072EB00F08A4E /* Frameworks */,
				A8D07799198072EB00F08A4E /* Products */,
			);
			sourceTree = "<group>";
		};
		A8D07799198072EB00F08A4E /* Products */ = {
			isa = PBXGroup;
			children = (
				A8D07798198072EB00F08A4E /* BeaconDemo.app */,
				A8D077B3198072EB00F08A4E /* BeaconDemoTests.xctest */,
			);
			name = Products;
			sourceTree = "<group>";
		};
		A8D0779A198072EB00F08A4E /* Frameworks */ = {
			isa = PBXGroup;
			children = (
				A8D0779B198072EB00F08A4E /* Foundation.framework */,
				A8D0779D198072EB00F08A4E /* CoreGraphics.framework */,
				A8D0779F198072EB00F08A4E /* UIKit.framework */,
				A8D077B4198072EB00F08A4E /* XCTest.framework */,
			);
			name = Frameworks;
			sourceTree = "<group>";
		};
		A8D077A1198072EB00F08A4E /* BeaconDemo */ = {
			isa = PBXGroup;
			children = (
				A8D077AA198072EB00F08A4E /* AppDelegate.h */,
				A8D077AB198072EB00F08A4E /* AppDelegate.m */,
				A8D077AD198072EB00F08A4E /* Images.xcassets */,
				A8D077A2198072EB00F08A4E /* Supporting Files */,
			);
			path = BeaconDemo;
			sourceTree = "<group>";
		};
		A8D077A2198072EB00F08A4E /* Supporting Files */ = {
			isa = PBXGroup;
			children = (
				A8D077A3198072EB00F08A4E /* BeaconDemo-Info.plist */,
				A8D077A4198072EB00F08A4E /* InfoPlist.strings */,
				A8D077A7198072EB00F08A4E /* main.m */,
				A8D077A9198072EB00F08A4E /* BeaconDemo-Prefix.pch */,
			);
			name = "Supporting Files";
			sourceTree = "<group>";
		};
		A8D077BA198072EB00F08A4E /* BeaconDemoTests */ = {
			isa = PBXGroup;
			children = (
				A8D077C0198072EB00F08A4E /* BeaconDemoTests.m */,
				A8D077BB198072EB00F08A4E /* Supporting Files */,
			);
			path = BeaconDemoTests;
			sourceTree = "<group>";
		};
		A8D077BB198072EB00F08A4E /* Supporting Files */ = {
			isa = PBXGroup;
			children = (
				A8D077BC198072EB00F08A4E /* BeaconDemoTests-Info.plist */,
				A8D077BD198072EB00F08A4E /* InfoPlist.strings */,
			);
			name = "Supporting Files";
			sourceTree = "<group>";
		};
/* End PBXGroup section */

/* Begin PBXNativeTarget section */
		A8D07797198072EB00F08A4E /* BeaconDemo */ = {
			isa = PBXNativeTarget;
			buildConfigurationList = A8D077C4198072EB00F08A4E /* Build configuration list for PBXNativeTarget "BeaconDemo" */;
			buildPhases = (
				A8D07794198072EB00F08A4E /* Sources */,
				A8D07795198072EB00F08A4E /* Frameworks */,
				A8D07796198072EB00F08A4E /* Resources */,
			);
			buildRules = (
			);
			dependencies = (
			);
			name = BeaconDemo;
			productName = BeaconDemo;
			productReference = A8D07798198072EB00F08A4E /* BeaconDemo.app */;
			productType = "com.apple.product-type.application";
		};
		A8D077B2198072EB00F08A4E /* BeaconDemoTests */ = {
			isa = PBXNativeTarget;
			buildConfigurationList = A8D077C7198072EB00F08A4E /* Build configuration list for PBXNativeTarget "BeaconDemoTests" */;
			buildPhases = (
				A8D077AF198072EB00F08A4E /* Sources */,
				A8D077B0198072EB00F08A4E /* Frameworks */,
				A8D077B1198072EB00F08A4E /* Resources */,
			);
			buildRules = (
			);
			dependencies = (
				A8D077B9198072EB00F08A4E /* PBXTargetDependency */,
			);
			name = BeaconDemoTests;
			productName = BeaconDemoTests;
			productReference = A8D077B3198072EB00F08A4E /* BeaconDemoTests.xctest */;
			productType = "com.apple.product-type.bundle.unit-test";
		};
/* End PBXNativeTarget section */

/* Begin PBXProject section */
		A8D07790198072EB00F08A4E /* Project object */ = {
			isa = PBXProject;
			attributes = {
				LastUpgradeCheck = 0510;
				ORGANIZATIONNAME = "Brian Donohue";
				TargetAttributes = {
					A8D077B2198072EB00F08A4E = {
						TestTargetID = A8D07797198072EB00F08A4E;
					};
				};
			};
			buildConfigurationList = A8D07793198072EB00F08A4E /* Build configuration list for PBXProject "BeaconDemo" */;
			compatibilityVersion = "Xcode 3.2";
			developmentRegion = English;
			hasScannedForEncodings = 0;
			knownRegions = (
				en,
			);
			mainGroup = A8D0778F198072EB00F08A4E;
			productRefGroup = A8D07799198072EB00F08A4E /* Products */;
			projectDirPath = "";
			projectRoot = "";
			targets = (
				A8D07797198072EB00F08A4E /* BeaconDemo */,
				A8D077B2198072EB00F08A4E /* BeaconDemoTests */,
			);
		};
/* End PBXProject section */

/* Begin PBXResourcesBuildPhase section */
		A8D07796198072EB00F08A4E /* Resources */ = {
			isa = PBXResourcesBuildPhase;
			buildActionMask = 2147483647;
			files = (
				A8D077A6198072EB00F08A4E /* InfoPlist.strings in Resources */,
				A8D077AE198072EB00F08A4E /* Images.xcassets in Resources */,
			);
			runOnlyForDeploymentPostprocessing = 0;
		};
		A8D077B1198072EB00F08A4E /* Resources */ = {
			isa = PBXResourcesBuildPhase;
			buildActionMask = 2147483647;
			files = (
				A8D077BF198072EB00F08A4E /* InfoPlist.strings in Resources */,
			);
			runOnlyForDeploymentPostprocessing = 0;
		};
/* End PBXResourcesBuildPhase section */

/* Begin PBXSourcesBuildPhase section */
		A8D07794198072EB00F08A4E /* Sources */ = {
			isa = PBXSourcesBuildPhase;
			buildActionMask = 2147483647;
			files = (
				A8D077AC198072EB00F08A4E /* AppDelegate.m in Sources */,
				A8D077A8198072EB00F08A4E /* main.m in Sources */,
			);
			runOnlyForDeploymentPostprocessing = 0;
		};
		A8D077AF198072EB00F08A4E /* Sources */ = {
			isa = PBXSourcesBuildPhase;
			buildActionMask = 2147483647;
			files = (
				A8D077C1198072EB00F08A4E /* BeaconDemoTests.m in Sources */,
			);
			runOnlyForDeploymentPostprocessing = 0;
		};
/* End PBXSourcesBuildPhase section */

/* Begin PBXTargetDependency section */
		A8D077B9198072EB00F08A4E /* PBXTargetDependency */ = {
			isa = PBXTargetDependency;
			target = A8D07797198072EB00F08A4E /* BeaconDemo */;
			targetProxy = A8D077B8198072EB00F08A4E /* PBXContainerItemProxy */;
		};
/* End PBXTargetDependency section */

/* Begin PBXVariantGroup section */
		A8D077A4198072EB00F08A4E /* InfoPlist.strings */ = {
			isa = PBXVariantGroup;
			children = (
				A8D077A5198072EB00F08A4E /* en */,
			);
			name = InfoPlist.strings;
			sourceTree = "<group>";
		};
		A8D077BD198072EB00F08A4E /* InfoPlist.strings */ = {
			isa = PBXVariantGroup;
			children = (
				A8D077BE198072EB00F08A4E /* en */,
			);
			name = InfoPlist.strings;
			sourceTree = "<group>";
		};
/* End PBXVariantGroup section */

/* Begin XCBuildConfiguration section */
		A8D077C2198072EB00F08A4E /* Debug */ = {
			isa = XCBuildConfiguration;
			buildSettings = {
				ALWAYS_SEARCH_USER_PATHS = NO;
				CLANG_CXX_LANGUAGE_STANDARD = "gnu++0x";
				CLANG_CXX_LIBRARY = "libc++";
				CLANG_ENABLE_MODULES = YES;
				CLANG_ENABLE_OBJC_ARC = YES;
				CLANG_WARN_BOOL_CONVERSION = YES;
				CLANG_WARN_CONSTANT_CONVERSION = YES;
				CLANG_WARN_DIRECT_OBJC_ISA_USAGE = YES_ERROR;
				CLANG_WARN_EMPTY_BODY = YES;
				CLANG_WARN_ENUM_CONVERSION = YES;
				CLANG_WARN_INT_CONVERSION = YES;
				CLANG_WARN_OBJC_ROOT_CLASS = YES_ERROR;
				CLANG_WARN__DUPLICATE_METHOD_MATCH = YES;
				"CODE_SIGN_IDENTITY[sdk=iphoneos*]" = "iPhone Developer";
				COPY_PHASE_STRIP = NO;
				GCC_C_LANGUAGE_STANDARD = gnu99;
				GCC_DYNAMIC_NO_PIC = NO;
				GCC_OPTIMIZATION_LEVEL = 0;
				GCC_PREPROCESSOR_DEFINITIONS = (
					"DEBUG=1",
					"$(inherited)",
				);
				GCC_SYMBOLS_PRIVATE_EXTERN = NO;
				GCC_WARN_64_TO_32_BIT_CONVERSION = YES;
				GCC_WARN_ABOUT_RETURN_TYPE = YES_ERROR;
				GCC_WARN_UNDECLARED_SELECTOR = YES;
				GCC_WARN_UNINITIALIZED_AUTOS = YES_AGGRESSIVE;
				GCC_WARN_UNUSED_FUNCTION = YES;
				GCC_WARN_UNUSED_VARIABLE = YES;
				IPHONEOS_DEPLOYMENT_TARGET = 7.1;
				ONLY_ACTIVE_ARCH = YES;
				SDKROOT = iphoneos;
				TARGETED_DEVICE_FAMILY = "1,2";
			};
			name = Debug;
		};
		A8D077C3198072EB00F08A4E /* Release */ = {
			isa = XCBuildConfiguration;
			buildSettings = {
				ALWAYS_SEARCH_USER_PATHS = NO;
				CLANG_CXX_LANGUAGE_STANDARD = "gnu++0x";
				CLANG_CXX_LIBRARY = "libc++";
				CLANG_ENABLE_MODULES = YES;
				CLANG_ENABLE_OBJC_ARC = YES;
				CLANG_WARN_BOOL_CONVERSION = YES;
				CLANG_WARN_CONSTANT_CONVERSION = YES;
				CLANG_WARN_DIRECT_OBJC_ISA_USAGE = YES_ERROR;
				CLANG_WARN_EMPTY_BODY = YES;
				CLANG_WARN_ENUM_CONVERSION = YES;
				CLANG_WARN_INT_CONVERSION = YES;
				CLANG_WARN_OBJC_ROOT_CLASS = YES_ERROR;
				CLANG_WARN__DUPLICATE_METHOD_MATCH = YES;
				"CODE_SIGN_IDENTITY[sdk=iphoneos*]" = "iPhone Developer";
				COPY_PHASE_STRIP = YES;
				ENABLE_NS_ASSERTIONS = NO;
				GCC_C_LANGUAGE_STANDARD = gnu99;
				GCC_WARN_64_TO_32_BIT_CONVERSION = YES;
				GCC_WARN_ABOUT_RETURN_TYPE = YES_ERROR;
				GCC_WARN_UNDECLARED_SELECTOR = YES;
				GCC_WARN_UNINITIALIZED_AUTOS = YES_AGGRESSIVE;
				GCC_WARN_UNUSED_FUNCTION = YES;
				GCC_WARN_UNUSED_VARIABLE = YES;
				IPHONEOS_DEPLOYMENT_TARGET = 7.1;
				SDKROOT = iphoneos;
				TARGETED_DEVICE_FAMILY = "1,2";
				VALIDATE_PRODUCT = YES;
			};
			name = Release;
		};
		A8D077C5198072EB00F08A4E /* Debug */ = {
			isa = XCBuildConfiguration;
			buildSettings = {
				ASSETCATALOG_COMPILER_APPICON_NAME = AppIcon;
				ASSETCATALOG_COMPILER_LAUNCHIMAGE_NAME = LaunchImage;
				GCC_PRECOMPILE_PREFIX_HEADER = YES;
				GCC_PREFIX_HEADER = "BeaconDemo/BeaconDemo-Prefix.pch";
				INFOPLIST_FILE = "BeaconDemo/BeaconDemo-Info.plist";
				PRODUCT_NAME = "$(TARGET_NAME)";
				WRAPPER_EXTENSION = app;
			};
			name = Debug;
		};
		A8D077C6198072EB00F08A4E /* Release */ = {
			isa = XCBuildConfiguration;
			buildSettings = {
				ASSETCATALOG_COMPILER_APPICON_NAME = AppIcon;
				ASSETCATALOG_COMPILER_LAUNCHIMAGE_NAME = LaunchImage;
				GCC_PRECOMPILE_PREFIX_HEADER = YES;
				GCC_PREFIX_HEADER = "BeaconDemo/BeaconDemo-Prefix.pch";
				INFOPLIST_FILE = "BeaconDemo/BeaconDemo-Info.plist";
				PRODUCT_NAME = "$(TARGET_NAME)";
				WRAPPER_EXTENSION = app;
			};
			name = Release;
		};
		A8D077C8198072EB00F08A4E /* Debug */ = {
			isa = XCBuildConfiguration;
			buildSettings = {
				BUNDLE_LOADER = "$(BUILT_PRODUCTS_DIR)/BeaconDemo.app/BeaconDemo";
				FRAMEWORK_SEARCH_PATHS = (
					"$(SDKROOT)/Developer/Library/Frameworks",
					"$(inherited)",
					"$(DEVELOPER_FRAMEWORKS_DIR)",
				);
				GCC_PRECOMPILE_PREFIX_HEADER = YES;
				GCC_PREFIX_HEADER = "BeaconDemo/BeaconDemo-Prefix.pch";
				GCC_PREPROCESSOR_DEFINITIONS = (
					"DEBUG=1",
					"$(inherited)",
				);
				INFOPLIST_FILE = "BeaconDemoTests/BeaconDemoTests-Info.plist";
				PRODUCT_NAME = "$(TARGET_NAME)";
				TEST_HOST = "$(BUNDLE_LOADER)";
				WRAPPER_EXTENSION = xctest;
			};
			name = Debug;
		};
		A8D077C9198072EB00F08A4E /* Release */ = {
			isa = XCBuildConfiguration;
			buildSettings = {
				BUNDLE_LOADER = "$(BUILT_PRODUCTS_DIR)/BeaconDemo.app/BeaconDemo";
				FRAMEWORK_SEARCH_PATHS = (
					"$(SDKROOT)/Developer/Library/Frameworks",
					"$(inherited)",
					"$(DEVELOPER_FRAMEWORKS_DIR)",
				);
				GCC_PRECOMPILE_PREFIX_HEADER = YES;
				GCC_PREFIX_HEADER = "BeaconDemo/BeaconDemo-Prefix.pch";
				INFOPLIST_FILE = "BeaconDemoTests/BeaconDemoTests-Info.plist";
				PRODUCT_NAME = "$(TARGET_NAME)";
				TEST_HOST = "$(BUNDLE_LOADER)";
				WRAPPER_EXTENSION = xctest;
			};
			name = Release;
		};
/* End XCBuildConfiguration section */

/* Begin XCConfigurationList section */
		A8D07793198072EB00F08A4E /* Build configuration list for PBXProject "BeaconDemo" */ = {
			isa = XCConfigurationList;
			buildConfigurations = (
				A8D077C2198072EB00F08A4E /* Debug */,
				A8D077C3198072EB00F08A4E /* Release */,
			);
			defaultConfigurationIsVisible = 0;
			defaultConfigurationName = Release;
		};
		A8D077C4198072EB00F08A4E /* Build configuration list for PBXNativeTarget "BeaconDemo" */ = {
			isa = XCConfigurationList;
			buildConfigurations = (
				A8D077C5198072EB00F08A4E /* Debug */,
				A8D077C6198072EB00F08A4E /* Release */,
			);
			defaultConfigurationIsVisible = 0;
		};
		A8D077C7198072EB00F08A4E /* Build configuration list for PBXNativeTarget "BeaconDemoTests" */ = {
			isa = XCConfigurationList;
			buildConfigurations = (
				A8D077C8198072EB00F08A4E /* Debug */,
				A8D077C9198072EB00F08A4E /* Release */,
			);
			defaultConfigurationIsVisible = 0;
		};
/* End XCConfigurationList section */
	};
	rootObject = A8D07790198072EB00F08A4E /* Project object */;
}
